
Microsoft Visual Studio Solution File, Format Version 12.00
# Visual Studio 2012
Project("{FAE04EC0-301F-11D3-BF4B-00C04F79EFBC}") = "Exeptions", "Exeptions\Exeptions.csproj", "{328E99E9-44BE-4AEC-B3B0-6613A3424DDC}"
EndProject
Global
	GlobalSection(SolutionConfigurationPlatforms) = preSolution
		Debug|Any CPU = Debug|Any CPU
		Release|Any CPU = Release|Any CPU
	EndGlobalSection
	GlobalSection(ProjectConfigurationPlatforms) = postSolution
		{328E99E9-44BE-4AEC-B3B0-6613A3424DDC}.Debug|Any CPU.ActiveCfg = Debug|Any CPU
		{328E99E9-44BE-4AEC-B3B0-6613A3424DDC}.Debug|Any CPU.Build.0 = Debug|Any CPU
		{328E99E9-44BE-4AEC-B3B0-6613A3424DDC}.Release|Any CPU.ActiveCfg = Release|Any CPU
		{328E99E9-44BE-4AEC-B3B0-6613A3424DDC}.Release|Any CPU.Build.0 = Release|Any CPU
	EndGlobalSection
	GlobalSection(SolutionProperties) = preSolution
		HideSolutionNode = FALSE
	EndGlobalSection
EndGlobal
